NeoBundleLock ag.vim 4a0dd6e190f446e5a016b44fdaa2feafc582918e
NeoBundleLock caw.vim 0725e7c273e2c39d8730adc78e0fd20e0d57d173
NeoBundleLock ctrlp-funky 59e08dca6af51e70751f5ec1c3135bd9184ed704
NeoBundleLock ctrlp.vim d93d97813dc839ef0782302a0debd7c4877f09f3
NeoBundleLock iceberg.vim 203d56849325fb0420587c9951859a755798aea3
NeoBundleLock indentLine 5bf49035522dea94b72638d039828c6f84b7ae34
NeoBundleLock lightline.vim f5f870e0ac67542fd83cb6ff99632940fe8795f9
NeoBundleLock molokai c67bdfcdb31415aa0ade7f8c003261700a885476
NeoBundleLock neobundle.vim 1306c131ff0a6cc094b7ff0727350e442b5427f1
NeoBundleLock neocomplete.vim f80bbf8f2f1717a127e5fbe885729daa862def81
NeoBundleLock neosnippet 14785c0e60f27b8be7998ebfb075ce816a0aace6
NeoBundleLock neosnippet-snippets b7ba77a4eb39a95ffbb6b3ff0c3c43746441b2aa
NeoBundleLock onedark.vim 7f9b1802b0d76f4f8fe7ad5bbef472c96e1c104f
NeoBundleLock pyceberg c5d4971b7fa72d2d85332ea22a869d32062bf87b
NeoBundleLock syntastic 9041bc76b4084dda00933744c0dce4bdf43d15c7
NeoBundleLock syntastic-local-eslint.vim 5d6a68121c0d2e2727122a0f10b6b01f40666c10
NeoBundleLock vim-ctrlp-commandline ac3ea874c0d472b2813292dc8e9f06ce08f9c0ed
NeoBundleLock vim-lexiv e02cec8cace1bfb8eb6d9057490957fa0a24fe01
NeoBundleLock vim-polyglot 57badea2dc9aff361d528aeeeb22ac2e85da1435
NeoBundleLock vim-trailing-whitespace 610ca1a97c8dc85cdeb38635e5a4703317c4b94d
