NeoBundleLock async.vim f67ecb5a1120d0d0fb9312afcf262c829b218ca2
NeoBundleLock asyncomplete-lsp.vim a7a6af2b86fdcc10f012ced3ed57c51d5df32f23
NeoBundleLock asyncomplete.vim 5713fa6a1ee8de62ff8f1b5f03823f1daa824ac4
NeoBundleLock neobundle.vim 1306c131ff0a6cc094b7ff0727350e442b5427f1
NeoBundleLock vim-lsp 5dd94c66f7195cf4605fe02c86a27d6d24d8fc88
NeoBundleLock vim-lsp-icons 223dfa513ea431dec6c29841e5acdb22dab8c800
NeoBundleLock vim-lsp-settings 060fbeea216db873693008760efe6f7e81e36207
NeoBundleLock vim-vsnip 6d9dca451b5a8c603622bed4ff7becfe6ea2600d
NeoBundleLock vim-vsnip-integ dc2a04141aa69cd4eefd6e1602b386d8428ac9de
